
Microsoft Visual Studio Solution File, Format Version 12.00
# Visual Studio Version 17
VisualStudioVersion = 17.5.33627.172
MinimumVisualStudioVersion = 10.0.40219.1
Project("{FAE04EC0-301F-11D3-BF4B-00C04F79EFBC}") = "WPF_RS", "WPF_RS\WPF_RS.csproj", "{BBDA0044-677E-4094-A252-86AEB175ED12}"
EndProject
Global
	GlobalSection(SolutionConfigurationPlatforms) = preSolution
		Debug|Any CPU = Debug|Any CPU
		Release|Any CPU = Release|Any CPU
	EndGlobalSection
	GlobalSection(ProjectConfigurationPlatforms) = postSolution
		{BBDA0044-677E-4094-A252-86AEB175ED12}.Debug|Any CPU.ActiveCfg = Debug|Any CPU
		{BBDA0044-677E-4094-A252-86AEB175ED12}.Debug|Any CPU.Build.0 = Debug|Any CPU
		{BBDA0044-677E-4094-A252-86AEB175ED12}.Release|Any CPU.ActiveCfg = Release|Any CPU
		{BBDA0044-677E-4094-A252-86AEB175ED12}.Release|Any CPU.Build.0 = Release|Any CPU
	EndGlobalSection
	GlobalSection(SolutionProperties) = preSolution
		HideSolutionNode = FALSE
	EndGlobalSection
	GlobalSection(ExtensibilityGlobals) = postSolution
		SolutionGuid = {15A677F2-5B33-48FF-AAC7-54E36335CD55}
	EndGlobalSection
EndGlobal
